{
    "version": 3,
    "terraform_version": "0.11.3",
    "serial": 14,
    "lineage": "307ccb9b-827c-42e3-98b5-4e7d78c78463",
    "modules": [
        {
            "path": [
                "root"
            ],
            "outputs": {},
            "resources": {
                "aws_eip.forNat": {
                    "type": "aws_eip",
                    "depends_on": [],
                    "primary": {
                        "id": "eipalloc-e904ced5",
                        "attributes": {
                            "association_id": "",
                            "domain": "vpc",
                            "id": "eipalloc-e904ced5",
                            "instance": "",
                            "network_interface": "",
                            "private_ip": "",
                            "public_ip": "34.217.253.11",
                            "tags.%": "0",
                            "vpc": "true"
                        },
                        "meta": {},
                        "tainted": false
                    },
                    "deposed": [],
                    "provider": "provider.aws"
                },
                "aws_instance.web": {
                    "type": "aws_instance",
                    "depends_on": [
                        "aws_security_group.FrontEnd",
                        "aws_subnet.PublicAZA"
                    ],
                    "primary": {
                        "id": "i-05d6ecab0d3214412",
                        "attributes": {
                            "ami": "ami-5ec1673e",
                            "associate_public_ip_address": "true",
                            "availability_zone": "us-west-2a",
                            "disable_api_termination": "false",
                            "ebs_block_device.#": "0",
                            "ebs_optimized": "false",
                            "ephemeral_block_device.#": "0",
                            "iam_instance_profile": "",
                            "id": "i-05d6ecab0d3214412",
                            "instance_state": "running",
                            "instance_type": "t2.micro",
                            "ipv6_addresses.#": "0",
                            "key_name": "Murali_Keypair",
                            "monitoring": "false",
                            "network_interface.#": "0",
                            "network_interface_id": "eni-38e4f91c",
                            "placement_group": "",
                            "primary_network_interface_id": "eni-38e4f91c",
                            "private_dns": "ip-10-0-1-76.us-west-2.compute.internal",
                            "private_ip": "10.0.1.76",
                            "public_dns": "ec2-35-165-182-39.us-west-2.compute.amazonaws.com",
                            "public_ip": "35.165.182.39",
                            "root_block_device.#": "1",
                            "root_block_device.0.delete_on_termination": "true",
                            "root_block_device.0.iops": "100",
                            "root_block_device.0.volume_id": "vol-096e03874800ff055",
                            "root_block_device.0.volume_size": "8",
                            "root_block_device.0.volume_type": "gp2",
                            "security_groups.#": "0",
                            "source_dest_check": "true",
                            "subnet_id": "subnet-ba62b9c3",
                            "tags.%": "1",
                            "tags.Name": "MY_TF_EC2_Public",
                            "tenancy": "default",
                            "volume_tags.%": "0",
                            "vpc_security_group_ids.#": "1",
                            "vpc_security_group_ids.899088643": "sg-c6bfb3b9"
                        },
                        "meta": {
                            "e2bfb730-ecaa-11e6-8f88-34363bc7c4c0": {
                                "create": 600000000000,
                                "delete": 1200000000000,
                                "update": 600000000000
                            },
                            "schema_version": "1"
                        },
                        "tainted": true
                    },
                    "deposed": [],
                    "provider": "provider.aws"
                },
                "aws_internet_gateway.gw": {
                    "type": "aws_internet_gateway",
                    "depends_on": [
                        "aws_vpc.terraformmain"
                    ],
                    "primary": {
                        "id": "igw-7a45d21c",
                        "attributes": {
                            "id": "igw-7a45d21c",
                            "tags.%": "1",
                            "tags.Name": "My_TF_IGW",
                            "vpc_id": "vpc-70384e09"
                        },
                        "meta": {},
                        "tainted": false
                    },
                    "deposed": [],
                    "provider": "provider.aws"
                },
                "aws_nat_gateway.PublicAZA": {
                    "type": "aws_nat_gateway",
                    "depends_on": [
                        "aws_eip.forNat",
                        "aws_internet_gateway.gw",
                        "aws_subnet.PublicAZA"
                    ],
                    "primary": {
                        "id": "nat-0527ecfd64eb36123",
                        "attributes": {
                            "allocation_id": "eipalloc-e904ced5",
                            "id": "nat-0527ecfd64eb36123",
                            "network_interface_id": "eni-72ebf656",
                            "private_ip": "10.0.1.141",
                            "public_ip": "34.217.253.11",
                            "subnet_id": "subnet-ba62b9c3",
                            "tags.%": "0"
                        },
                        "meta": {},
                        "tainted": false
                    },
                    "deposed": [],
                    "provider": "provider.aws"
                },
                "aws_route_table.private": {
                    "type": "aws_route_table",
                    "depends_on": [
                        "aws_nat_gateway.PublicAZA",
                        "aws_vpc.terraformmain"
                    ],
                    "primary": {
                        "id": "rtb-cc583fb4",
                        "attributes": {
                            "id": "rtb-cc583fb4",
                            "propagating_vgws.#": "0",
                            "route.#": "1",
                            "route.1395440238.cidr_block": "0.0.0.0/0",
                            "route.1395440238.egress_only_gateway_id": "",
                            "route.1395440238.gateway_id": "",
                            "route.1395440238.instance_id": "",
                            "route.1395440238.ipv6_cidr_block": "",
                            "route.1395440238.nat_gateway_id": "nat-0527ecfd64eb36123",
                            "route.1395440238.network_interface_id": "",
                            "route.1395440238.vpc_peering_connection_id": "",
                            "tags.%": "1",
                            "tags.Name": "MY_TF_PrivateRT",
                            "vpc_id": "vpc-70384e09"
                        },
                        "meta": {},
                        "tainted": false
                    },
                    "deposed": [],
                    "provider": "provider.aws"
                },
                "aws_route_table.public": {
                    "type": "aws_route_table",
                    "depends_on": [
                        "aws_internet_gateway.gw",
                        "aws_vpc.terraformmain"
                    ],
                    "primary": {
                        "id": "rtb-07a4c37f",
                        "attributes": {
                            "id": "rtb-07a4c37f",
                            "propagating_vgws.#": "0",
                            "route.#": "1",
                            "route.3801049733.cidr_block": "0.0.0.0/0",
                            "route.3801049733.egress_only_gateway_id": "",
                            "route.3801049733.gateway_id": "igw-7a45d21c",
                            "route.3801049733.instance_id": "",
                            "route.3801049733.ipv6_cidr_block": "",
                            "route.3801049733.nat_gateway_id": "",
                            "route.3801049733.network_interface_id": "",
                            "route.3801049733.vpc_peering_connection_id": "",
                            "tags.%": "1",
                            "tags.Name": "MY_TF_PublicRT",
                            "vpc_id": "vpc-70384e09"
                        },
                        "meta": {},
                        "tainted": false
                    },
                    "deposed": [],
                    "provider": "provider.aws"
                },
                "aws_route_table_association.PrivateAZA": {
                    "type": "aws_route_table_association",
                    "depends_on": [
                        "aws_route_table.private",
                        "aws_subnet.PrivateAZA"
                    ],
                    "primary": {
                        "id": "rtbassoc-fd52f687",
                        "attributes": {
                            "id": "rtbassoc-fd52f687",
                            "route_table_id": "rtb-cc583fb4",
                            "subnet_id": "subnet-8cdd18c7"
                        },
                        "meta": {},
                        "tainted": false
                    },
                    "deposed": [],
                    "provider": "provider.aws"
                },
                "aws_route_table_association.PublicAZA": {
                    "type": "aws_route_table_association",
                    "depends_on": [
                        "aws_route_table.public",
                        "aws_subnet.PublicAZA"
                    ],
                    "primary": {
                        "id": "rtbassoc-185cf862",
                        "attributes": {
                            "id": "rtbassoc-185cf862",
                            "route_table_id": "rtb-07a4c37f",
                            "subnet_id": "subnet-ba62b9c3"
                        },
                        "meta": {},
                        "tainted": false
                    },
                    "deposed": [],
                    "provider": "provider.aws"
                },
                "aws_security_group.FrontEnd": {
                    "type": "aws_security_group",
                    "depends_on": [
                        "aws_vpc.terraformmain"
                    ],
                    "primary": {
                        "id": "sg-c6bfb3b9",
                        "attributes": {
                            "description": "ONLY HTTP CONNECTION INBOUD",
                            "egress.#": "1",
                            "egress.482069346.cidr_blocks.#": "1",
                            "egress.482069346.cidr_blocks.0": "0.0.0.0/0",
                            "egress.482069346.description": "",
                            "egress.482069346.from_port": "0",
                            "egress.482069346.ipv6_cidr_blocks.#": "0",
                            "egress.482069346.prefix_list_ids.#": "0",
                            "egress.482069346.protocol": "-1",
                            "egress.482069346.security_groups.#": "0",
                            "egress.482069346.self": "false",
                            "egress.482069346.to_port": "0",
                            "id": "sg-c6bfb3b9",
                            "ingress.#": "2",
                            "ingress.2214680975.cidr_blocks.#": "1",
                            "ingress.2214680975.cidr_blocks.0": "0.0.0.0/0",
                            "ingress.2214680975.description": "",
                            "ingress.2214680975.from_port": "80",
                            "ingress.2214680975.ipv6_cidr_blocks.#": "0",
                            "ingress.2214680975.protocol": "TCP",
                            "ingress.2214680975.security_groups.#": "0",
                            "ingress.2214680975.self": "false",
                            "ingress.2214680975.to_port": "80",
                            "ingress.2541437006.cidr_blocks.#": "1",
                            "ingress.2541437006.cidr_blocks.0": "0.0.0.0/0",
                            "ingress.2541437006.description": "",
                            "ingress.2541437006.from_port": "22",
                            "ingress.2541437006.ipv6_cidr_blocks.#": "0",
                            "ingress.2541437006.protocol": "TCP",
                            "ingress.2541437006.security_groups.#": "0",
                            "ingress.2541437006.self": "false",
                            "ingress.2541437006.to_port": "22",
                            "name": "FrontEnd",
                            "owner_id": "860630635041",
                            "revoke_rules_on_delete": "false",
                            "tags.%": "1",
                            "tags.Name": "FrontEnd",
                            "vpc_id": "vpc-70384e09"
                        },
                        "meta": {
                            "e2bfb730-ecaa-11e6-8f88-34363bc7c4c0": {
                                "create": 600000000000,
                                "delete": 600000000000
                            },
                            "schema_version": "1"
                        },
                        "tainted": false
                    },
                    "deposed": [],
                    "provider": "provider.aws"
                },
                "aws_subnet.PrivateAZA": {
                    "type": "aws_subnet",
                    "depends_on": [
                        "aws_vpc.terraformmain",
                        "data.aws_availability_zones.available"
                    ],
                    "primary": {
                        "id": "subnet-8cdd18c7",
                        "attributes": {
                            "assign_ipv6_address_on_creation": "false",
                            "availability_zone": "us-west-2b",
                            "cidr_block": "10.0.2.0/24",
                            "id": "subnet-8cdd18c7",
                            "map_public_ip_on_launch": "false",
                            "tags.%": "1",
                            "tags.Name": "PrivateAZA",
                            "vpc_id": "vpc-70384e09"
                        },
                        "meta": {
                            "schema_version": "1"
                        },
                        "tainted": false
                    },
                    "deposed": [],
                    "provider": "provider.aws"
                },
                "aws_subnet.PublicAZA": {
                    "type": "aws_subnet",
                    "depends_on": [
                        "aws_vpc.terraformmain",
                        "data.aws_availability_zones.available"
                    ],
                    "primary": {
                        "id": "subnet-ba62b9c3",
                        "attributes": {
                            "assign_ipv6_address_on_creation": "false",
                            "availability_zone": "us-west-2a",
                            "cidr_block": "10.0.1.0/24",
                            "id": "subnet-ba62b9c3",
                            "map_public_ip_on_launch": "false",
                            "tags.%": "1",
                            "tags.Name": "MY_TF_PublicAZA",
                            "vpc_id": "vpc-70384e09"
                        },
                        "meta": {
                            "schema_version": "1"
                        },
                        "tainted": false
                    },
                    "deposed": [],
                    "provider": "provider.aws"
                },
                "aws_vpc.terraformmain": {
                    "type": "aws_vpc",
                    "depends_on": [],
                    "primary": {
                        "id": "vpc-70384e09",
                        "attributes": {
                            "assign_generated_ipv6_cidr_block": "false",
                            "cidr_block": "10.0.0.0/16",
                            "default_network_acl_id": "acl-c818e9b0",
                            "default_route_table_id": "rtb-aca4c3d4",
                            "default_security_group_id": "sg-89bcb0f6",
                            "dhcp_options_id": "dopt-e7ea659e",
                            "enable_classiclink": "false",
                            "enable_classiclink_dns_support": "false",
                            "enable_dns_hostnames": "true",
                            "enable_dns_support": "true",
                            "id": "vpc-70384e09",
                            "instance_tenancy": "default",
                            "main_route_table_id": "rtb-aca4c3d4",
                            "tags.%": "1",
                            "tags.Name": "My_TF_VPC"
                        },
                        "meta": {
                            "schema_version": "1"
                        },
                        "tainted": false
                    },
                    "deposed": [],
                    "provider": "provider.aws"
                },
                "data.aws_availability_zones.available": {
                    "type": "aws_availability_zones",
                    "depends_on": [],
                    "primary": {
                        "id": "2018-03-15 10:12:57.28672437 +0000 UTC",
                        "attributes": {
                            "id": "2018-03-15 10:12:57.28672437 +0000 UTC",
                            "names.#": "3",
                            "names.0": "us-west-2a",
                            "names.1": "us-west-2b",
                            "names.2": "us-west-2c"
                        },
                        "meta": {},
                        "tainted": false
                    },
                    "deposed": [],
                    "provider": "provider.aws"
                }
            },
            "depends_on": []
        }
    ]
}
